
Microsoft Visual Studio Solution File, Format Version 12.00
# Visual Studio Version 17
VisualStudioVersion = 17.3.32901.215
MinimumVisualStudioVersion = 10.0.40219.1
Project("{8BC9CEB8-8B4A-11D0-8D11-00A0C91BC942}") = "Arrays", "Arrays\Arrays.vcxproj", "{DA03A0B6-B74A-40F0-8C4C-F5D6EF6BA3E1}"
EndProject
Project("{8BC9CEB8-8B4A-11D0-8D11-00A0C91BC942}") = "SHIFT", "..\SHIFT\SHIFT.vcxproj", "{D3EE4089-17EC-4668-A649-97E6AEBC490B}"
EndProject
Project("{8BC9CEB8-8B4A-11D0-8D11-00A0C91BC942}") = "Shift1", "Shift1\Shift1.vcxproj", "{5B1C3B22-8801-4DC5-8EF1-B3A2E88AB5F6}"
EndProject
Global
	GlobalSection(SolutionConfigurationPlatforms) = preSolution
		Debug|x64 = Debug|x64
		Debug|x86 = Debug|x86
		Release|x64 = Release|x64
		Release|x86 = Release|x86
	EndGlobalSection
	GlobalSection(ProjectConfigurationPlatforms) = postSolution
		{DA03A0B6-B74A-40F0-8C4C-F5D6EF6BA3E1}.Debug|x64.ActiveCfg = Debug|x64
		{DA03A0B6-B74A-40F0-8C4C-F5D6EF6BA3E1}.Debug|x64.Build.0 = Debug|x64
		{DA03A0B6-B74A-40F0-8C4C-F5D6EF6BA3E1}.Debug|x86.ActiveCfg = Debug|Win32
		{DA03A0B6-B74A-40F0-8C4C-F5D6EF6BA3E1}.Debug|x86.Build.0 = Debug|Win32
		{DA03A0B6-B74A-40F0-8C4C-F5D6EF6BA3E1}.Release|x64.ActiveCfg = Release|x64
		{DA03A0B6-B74A-40F0-8C4C-F5D6EF6BA3E1}.Release|x64.Build.0 = Release|x64
		{DA03A0B6-B74A-40F0-8C4C-F5D6EF6BA3E1}.Release|x86.ActiveCfg = Release|Win32
		{DA03A0B6-B74A-40F0-8C4C-F5D6EF6BA3E1}.Release|x86.Build.0 = Release|Win32
		{D3EE4089-17EC-4668-A649-97E6AEBC490B}.Debug|x64.ActiveCfg = Debug|x64
		{D3EE4089-17EC-4668-A649-97E6AEBC490B}.Debug|x64.Build.0 = Debug|x64
		{D3EE4089-17EC-4668-A649-97E6AEBC490B}.Debug|x86.ActiveCfg = Debug|Win32
		{D3EE4089-17EC-4668-A649-97E6AEBC490B}.Debug|x86.Build.0 = Debug|Win32
		{D3EE4089-17EC-4668-A649-97E6AEBC490B}.Release|x64.ActiveCfg = Release|x64
		{D3EE4089-17EC-4668-A649-97E6AEBC490B}.Release|x64.Build.0 = Release|x64
		{D3EE4089-17EC-4668-A649-97E6AEBC490B}.Release|x86.ActiveCfg = Release|Win32
		{D3EE4089-17EC-4668-A649-97E6AEBC490B}.Release|x86.Build.0 = Release|Win32
		{5B1C3B22-8801-4DC5-8EF1-B3A2E88AB5F6}.Debug|x64.ActiveCfg = Debug|x64
		{5B1C3B22-8801-4DC5-8EF1-B3A2E88AB5F6}.Debug|x64.Build.0 = Debug|x64
		{5B1C3B22-8801-4DC5-8EF1-B3A2E88AB5F6}.Debug|x86.ActiveCfg = Debug|Win32
		{5B1C3B22-8801-4DC5-8EF1-B3A2E88AB5F6}.Debug|x86.Build.0 = Debug|Win32
		{5B1C3B22-8801-4DC5-8EF1-B3A2E88AB5F6}.Release|x64.ActiveCfg = Release|x64
		{5B1C3B22-8801-4DC5-8EF1-B3A2E88AB5F6}.Release|x64.Build.0 = Release|x64
		{5B1C3B22-8801-4DC5-8EF1-B3A2E88AB5F6}.Release|x86.ActiveCfg = Release|Win32
		{5B1C3B22-8801-4DC5-8EF1-B3A2E88AB5F6}.Release|x86.Build.0 = Release|Win32
	EndGlobalSection
	GlobalSection(SolutionProperties) = preSolution
		HideSolutionNode = FALSE
	EndGlobalSection
	GlobalSection(ExtensibilityGlobals) = postSolution
		SolutionGuid = {A4A20ACD-B917-49CC-980F-A692977E1ACA}
	EndGlobalSection
EndGlobal
